
Microsoft Visual Studio Solution File, Format Version 12.00
# Visual Studio Version 16
VisualStudioVersion = 16.0.29324.140
MinimumVisualStudioVersion = 10.0.40219.1
Project("{8BC9CEB8-8B4A-11D0-8D11-00A0C91BC942}") = "Brutus", "Brutus.vcxproj", "{0A7DACFB-8781-4243-B2DA-AB36E1B09B3A}"
EndProject
Project("{8BC9CEB8-8B4A-11D0-8D11-00A0C91BC942}") = "BrutusTests", "BrutusTests\BrutusTests.vcxproj", "{CB4EC9E7-1228-4F96-BFFF-AA947C016D59}"
	ProjectSection(ProjectDependencies) = postProject
		{0A7DACFB-8781-4243-B2DA-AB36E1B09B3A} = {0A7DACFB-8781-4243-B2DA-AB36E1B09B3A}
	EndProjectSection
EndProject
Project("{8BC9CEB8-8B4A-11D0-8D11-00A0C91BC942}") = "ReMind", "..\ReMind\ReMind.vcxproj", "{A0DB4FD4-8B0E-40AB-8AC1-60A1AFC0B61D}"
EndProject
Global
	GlobalSection(SolutionConfigurationPlatforms) = preSolution
		Debug|x64 = Debug|x64
		Debug|x86 = Debug|x86
		Release|x64 = Release|x64
		Release|x86 = Release|x86
	EndGlobalSection
	GlobalSection(ProjectConfigurationPlatforms) = postSolution
		{0A7DACFB-8781-4243-B2DA-AB36E1B09B3A}.Debug|x64.ActiveCfg = Debug|x64
		{0A7DACFB-8781-4243-B2DA-AB36E1B09B3A}.Debug|x64.Build.0 = Debug|x64
		{0A7DACFB-8781-4243-B2DA-AB36E1B09B3A}.Debug|x86.ActiveCfg = Debug|Win32
		{0A7DACFB-8781-4243-B2DA-AB36E1B09B3A}.Debug|x86.Build.0 = Debug|Win32
		{0A7DACFB-8781-4243-B2DA-AB36E1B09B3A}.Release|x64.ActiveCfg = Release|x64
		{0A7DACFB-8781-4243-B2DA-AB36E1B09B3A}.Release|x64.Build.0 = Release|x64
		{0A7DACFB-8781-4243-B2DA-AB36E1B09B3A}.Release|x86.ActiveCfg = Release|Win32
		{0A7DACFB-8781-4243-B2DA-AB36E1B09B3A}.Release|x86.Build.0 = Release|Win32
		{CB4EC9E7-1228-4F96-BFFF-AA947C016D59}.Debug|x64.ActiveCfg = Debug|x64
		{CB4EC9E7-1228-4F96-BFFF-AA947C016D59}.Debug|x64.Build.0 = Debug|x64
		{CB4EC9E7-1228-4F96-BFFF-AA947C016D59}.Debug|x86.ActiveCfg = Debug|Win32
		{CB4EC9E7-1228-4F96-BFFF-AA947C016D59}.Debug|x86.Build.0 = Debug|Win32
		{CB4EC9E7-1228-4F96-BFFF-AA947C016D59}.Release|x64.ActiveCfg = Release|x64
		{CB4EC9E7-1228-4F96-BFFF-AA947C016D59}.Release|x64.Build.0 = Release|x64
		{CB4EC9E7-1228-4F96-BFFF-AA947C016D59}.Release|x86.ActiveCfg = Release|Win32
		{CB4EC9E7-1228-4F96-BFFF-AA947C016D59}.Release|x86.Build.0 = Release|Win32
		{A0DB4FD4-8B0E-40AB-8AC1-60A1AFC0B61D}.Debug|x64.ActiveCfg = Debug|x64
		{A0DB4FD4-8B0E-40AB-8AC1-60A1AFC0B61D}.Debug|x64.Build.0 = Debug|x64
		{A0DB4FD4-8B0E-40AB-8AC1-60A1AFC0B61D}.Debug|x86.ActiveCfg = Debug|Win32
		{A0DB4FD4-8B0E-40AB-8AC1-60A1AFC0B61D}.Debug|x86.Build.0 = Debug|Win32
		{A0DB4FD4-8B0E-40AB-8AC1-60A1AFC0B61D}.Release|x64.ActiveCfg = Release|x64
		{A0DB4FD4-8B0E-40AB-8AC1-60A1AFC0B61D}.Release|x64.Build.0 = Release|x64
		{A0DB4FD4-8B0E-40AB-8AC1-60A1AFC0B61D}.Release|x86.ActiveCfg = Release|Win32
		{A0DB4FD4-8B0E-40AB-8AC1-60A1AFC0B61D}.Release|x86.Build.0 = Release|Win32
	EndGlobalSection
	GlobalSection(SolutionProperties) = preSolution
		HideSolutionNode = FALSE
	EndGlobalSection
	GlobalSection(ExtensibilityGlobals) = postSolution
		SolutionGuid = {570C0F2A-443F-4805-B0F1-5C4A10B611B5}
	EndGlobalSection
EndGlobal
