
Microsoft Visual Studio Solution File, Format Version 12.00
# Visual Studio Version 16
VisualStudioVersion = 16.0.29324.140
MinimumVisualStudioVersion = 10.0.40219.1
Project("{8BC9CEB8-8B4A-11D0-8D11-00A0C91BC942}") = "Brutus", "Brutus.vcxproj", "{0A7DACFB-8781-4243-B2DA-AB36E1B09B3A}"
EndProject
Project("{8BC9CEB8-8B4A-11D0-8D11-00A0C91BC942}") = "BrutusTest", "BrutusTest\BrutusTest.vcxproj", "{113051C7-EDC5-416C-A4EF-63297CA6E802}"
EndProject
Global
	GlobalSection(SolutionConfigurationPlatforms) = preSolution
		Debug|x64 = Debug|x64
		Debug|x86 = Debug|x86
		Release|x64 = Release|x64
		Release|x86 = Release|x86
	EndGlobalSection
	GlobalSection(ProjectConfigurationPlatforms) = postSolution
		{0A7DACFB-8781-4243-B2DA-AB36E1B09B3A}.Debug|x64.ActiveCfg = Debug|x64
		{0A7DACFB-8781-4243-B2DA-AB36E1B09B3A}.Debug|x64.Build.0 = Debug|x64
		{0A7DACFB-8781-4243-B2DA-AB36E1B09B3A}.Debug|x86.ActiveCfg = Debug|Win32
		{0A7DACFB-8781-4243-B2DA-AB36E1B09B3A}.Debug|x86.Build.0 = Debug|Win32
		{0A7DACFB-8781-4243-B2DA-AB36E1B09B3A}.Release|x64.ActiveCfg = Release|x64
		{0A7DACFB-8781-4243-B2DA-AB36E1B09B3A}.Release|x64.Build.0 = Release|x64
		{0A7DACFB-8781-4243-B2DA-AB36E1B09B3A}.Release|x86.ActiveCfg = Release|Win32
		{0A7DACFB-8781-4243-B2DA-AB36E1B09B3A}.Release|x86.Build.0 = Release|Win32
		{113051C7-EDC5-416C-A4EF-63297CA6E802}.Debug|x64.ActiveCfg = Debug|x64
		{113051C7-EDC5-416C-A4EF-63297CA6E802}.Debug|x64.Build.0 = Debug|x64
		{113051C7-EDC5-416C-A4EF-63297CA6E802}.Debug|x86.ActiveCfg = Debug|Win32
		{113051C7-EDC5-416C-A4EF-63297CA6E802}.Debug|x86.Build.0 = Debug|Win32
		{113051C7-EDC5-416C-A4EF-63297CA6E802}.Release|x64.ActiveCfg = Release|x64
		{113051C7-EDC5-416C-A4EF-63297CA6E802}.Release|x64.Build.0 = Release|x64
		{113051C7-EDC5-416C-A4EF-63297CA6E802}.Release|x86.ActiveCfg = Release|Win32
		{113051C7-EDC5-416C-A4EF-63297CA6E802}.Release|x86.Build.0 = Release|Win32
	EndGlobalSection
	GlobalSection(SolutionProperties) = preSolution
		HideSolutionNode = FALSE
	EndGlobalSection
	GlobalSection(ExtensibilityGlobals) = postSolution
		SolutionGuid = {570C0F2A-443F-4805-B0F1-5C4A10B611B5}
	EndGlobalSection
EndGlobal
