<?xml version="1.0" encoding="utf-8"?>
<Project ToolsVersion="4.0" xmlns="http://schemas.microsoft.com/developer/msbuild/2003">
  <ItemGroup>
    <Filter Include="Header Files">
      <UniqueIdentifier>{93995380-89BD-4b04-88EB-625FBE52EBFB}</UniqueIdentifier>
      <Extensions>h;hh;hpp;hxx;hm;inl;inc;xsd</Extensions>
    </Filter>
    <Filter Include="Resource Files">
      <UniqueIdentifier>{67DA6AB6-F800-4c08-8B7A-83BB121AAD01}</UniqueIdentifier>
      <Extensions>rc;ico;cur;bmp;dlg;rc2;rct;bin;rgs;gif;jpg;jpeg;jpe;resx;tiff;tif;png;wav;mfcribbon-ms</Extensions>
    </Filter>
    <Filter Include="Source">
      <UniqueIdentifier>{4FC737F1-C7A5-4376-A066-2A32D752A2FF}</UniqueIdentifier>
      <Extensions>cpp;c;cc;cxx;def;odl;idl;hpj;bat;asm;asmx</Extensions>
    </Filter>
    <Filter Include="Source\NeuroNets">
      <UniqueIdentifier>{97c1b35e-71b9-4072-b606-df59f5443464}</UniqueIdentifier>
    </Filter>
    <Filter Include="Source\Data">
      <UniqueIdentifier>{c28c029d-4668-4dd2-8d69-ea3decd17d4a}</UniqueIdentifier>
    </Filter>
    <Filter Include="Source\Tools">
      <UniqueIdentifier>{aaa60776-48eb-4165-9b0b-c77bdfccaefb}</UniqueIdentifier>
    </Filter>
  </ItemGroup>
  <ItemGroup>
    <ClCompile Include="Source\main.cpp">
      <Filter>Source</Filter>
    </ClCompile>
    <ClCompile Include="Source\NeuroNets\Net.cpp">
      <Filter>Source\NeuroNets</Filter>
    </ClCompile>
    <ClCompile Include="Source\NeuroNets\Neuro.cpp">
      <Filter>Source\NeuroNets</Filter>
    </ClCompile>
    <ClCompile Include="Source\Data\DataProvider.cpp">
      <Filter>Source\Data</Filter>
    </ClCompile>
    <ClCompile Include="Source\Data\Player.cpp">
      <Filter>Source\Data</Filter>
    </ClCompile>
    <ClCompile Include="Source\Data\Action.cpp">
      <Filter>Source\Data</Filter>
    </ClCompile>
    <ClCompile Include="Source\Data\Rule.cpp">
      <Filter>Source\Data</Filter>
    </ClCompile>
    <ClCompile Include="Source\Data\StockData.cpp">
      <Filter>Source\Data</Filter>
    </ClCompile>
    <ClCompile Include="Source\Tools\Serializer.cpp">
      <Filter>Source\Tools</Filter>
    </ClCompile>
    <ClCompile Include="Source\Tools\Tools.cpp">
      <Filter>Source\Tools</Filter>
    </ClCompile>
    <ClCompile Include="Source\NeuroNets\Decision.cpp">
      <Filter>Source\NeuroNets</Filter>
    </ClCompile>
  </ItemGroup>
  <ItemGroup>
    <ClInclude Include="Source\NeuroNets\Net.h">
      <Filter>Source\NeuroNets</Filter>
    </ClInclude>
    <ClInclude Include="Source\NeuroNets\Neuro.h">
      <Filter>Source\NeuroNets</Filter>
    </ClInclude>
    <ClInclude Include="Source\Data\DataProvider.h">
      <Filter>Source\Data</Filter>
    </ClInclude>
    <ClInclude Include="Source\Data\Player.h">
      <Filter>Source\Data</Filter>
    </ClInclude>
    <ClInclude Include="Source\Data\StockData.h">
      <Filter>Source\Data</Filter>
    </ClInclude>
    <ClInclude Include="Source\Data\Rule.h">
      <Filter>Source\Data</Filter>
    </ClInclude>
    <ClInclude Include="Source\Data\Action.h">
      <Filter>Source\Data</Filter>
    </ClInclude>
    <ClInclude Include="Source\Tools\Serializer.h">
      <Filter>Source\Tools</Filter>
    </ClInclude>
    <ClInclude Include="Source\Tools\Tools.h">
      <Filter>Source\Tools</Filter>
    </ClInclude>
    <ClInclude Include="Source\NeuroNets\Decision.h">
      <Filter>Source\NeuroNets</Filter>
    </ClInclude>
  </ItemGroup>
  <ItemGroup>
    <Text Include="Log.txt" />
  </ItemGroup>
  <ItemGroup>
    <None Include="packages.config" />
  </ItemGroup>
</Project>